<?xml version="1.0" encoding="UTF-8"?>
<Scheme
   LastUpgradeVersion = "1010"
   version = "1.3">
   <BuildAction
      parallelizeBuildables = "YES"
      buildImplicitDependencies = "YES">
      <BuildActionEntries>
         <BuildActionEntry
            buildForTesting = "YES"
            buildForRunning = "YES"
            buildForProfiling = "YES"
            buildForArchiving = "YES"
            buildForAnalyzing = "YES">
            <BuildableReference
               BuildableIdentifier = "primary"
               BlueprintIdentifier = "59DF3CD22209C82E0008D5A1"
               BuildableName = "TesteiOSv2-VitorNeves.app"
               BlueprintName = "TesteiOSv2-VitorNeves"
               ReferencedContainer = "container:TesteiOSv2-VitorNeves.xcodeproj">
            </BuildableReference>
         </BuildActionEntry>
      </BuildActionEntries>
   </BuildAction>
   <TestAction
      buildConfiguration = "Debug"
      selectedDebuggerIdentifier = "Xcode.DebuggerFoundation.Debugger.LLDB"
      selectedLauncherIdentifier = "Xcode.DebuggerFoundation.Launcher.LLDB"
      shouldUseLaunchSchemeArgsEnv = "YES"
      codeCoverageEnabled = "YES"
      onlyGenerateCoverageForSpecifiedTargets = "YES">
      <MacroExpansion>
         <BuildableReference
            BuildableIdentifier = "primary"
            BlueprintIdentifier = "59DF3CD22209C82E0008D5A1"
            BuildableName = "TesteiOSv2-VitorNeves.app"
            BlueprintName = "TesteiOSv2-VitorNeves"
            ReferencedContainer = "container:TesteiOSv2-VitorNeves.xcodeproj">
         </BuildableReference>
      </MacroExpansion>
      <CodeCoverageTargets>
         <BuildableReference
            BuildableIdentifier = "primary"
            BlueprintIdentifier = "59DF3CD22209C82E0008D5A1"
            BuildableName = "TesteiOSv2-VitorNeves.app"
            BlueprintName = "TesteiOSv2-VitorNeves"
            ReferencedContainer = "container:TesteiOSv2-VitorNeves.xcodeproj">
         </BuildableReference>
      </CodeCoverageTargets>
      <Testables>
         <TestableReference
            skipped = "NO">
            <BuildableReference
               BuildableIdentifier = "primary"
               BlueprintIdentifier = "59DF3CE62209C82F0008D5A1"
               BuildableName = "TesteiOSv2-VitorNevesTests.xctest"
               BlueprintName = "TesteiOSv2-VitorNevesTests"
               ReferencedContainer = "container:TesteiOSv2-VitorNeves.xcodeproj">
            </BuildableReference>
         </TestableReference>
         <TestableReference
            skipped = "NO">
            <BuildableReference
               BuildableIdentifier = "primary"
               BlueprintIdentifier = "59DF3CF12209C8300008D5A1"
               BuildableName = "TesteiOSv2-VitorNevesUITests.xctest"
               BlueprintName = "TesteiOSv2-VitorNevesUITests"
               ReferencedContainer = "container:TesteiOSv2-VitorNeves.xcodeproj">
            </BuildableReference>
         </TestableReference>
      </Testables>
   </TestAction>
   <LaunchAction
      buildConfiguration = "Debug"
      selectedDebuggerIdentifier = "Xcode.DebuggerFoundation.Debugger.LLDB"
      selectedLauncherIdentifier = "Xcode.DebuggerFoundation.Launcher.LLDB"
      launchStyle = "0"
      useCustomWorkingDirectory = "NO"
      ignoresPersistentStateOnLaunch = "NO"
      debugDocumentVersioning = "YES"
      debugServiceExtension = "internal"
      allowLocationSimulation = "YES">
      <BuildableProductRunnable
         runnableDebuggingMode = "0">
         <BuildableReference
            BuildableIdentifier = "primary"
            BlueprintIdentifier = "59DF3CD22209C82E0008D5A1"
            BuildableName = "TesteiOSv2-VitorNeves.app"
            BlueprintName = "TesteiOSv2-VitorNeves"
            ReferencedContainer = "container:TesteiOSv2-VitorNeves.xcodeproj">
         </BuildableReference>
      </BuildableProductRunnable>
   </LaunchAction>
   <ProfileAction
      buildConfiguration = "Release"
      shouldUseLaunchSchemeArgsEnv = "YES"
      savedToolIdentifier = ""
      useCustomWorkingDirectory = "NO"
      debugDocumentVersioning = "YES">
      <BuildableProductRunnable
         runnableDebuggingMode = "0">
         <BuildableReference
            BuildableIdentifier = "primary"
            BlueprintIdentifier = "59DF3CD22209C82E0008D5A1"
            BuildableName = "TesteiOSv2-VitorNeves.app"
            BlueprintName = "TesteiOSv2-VitorNeves"
            ReferencedContainer = "container:TesteiOSv2-VitorNeves.xcodeproj">
         </BuildableReference>
      </BuildableProductRunnable>
   </ProfileAction>
   <AnalyzeAction
      buildConfiguration = "Debug">
   </AnalyzeAction>
   <ArchiveAction
      buildConfiguration = "Release"
      revealArchiveInOrganizer = "YES">
   </ArchiveAction>
</Scheme>
